
Microsoft Visual Studio Solution File, Format Version 12.00
# Visual Studio Version 17
VisualStudioVersion = 17.3.32804.467
MinimumVisualStudioVersion = 10.0.40219.1
Project("{FAE04EC0-301F-11D3-BF4B-00C04F79EFBC}") = "BLL_SegundoB", "BLLSegundoB\BLL_SegundoB.csproj", "{CDF6E006-ACED-4DAB-AC63-579B678421CC}"
EndProject
Project("{FAE04EC0-301F-11D3-BF4B-00C04F79EFBC}") = "WIN_SegundoB", "FrmLogIn.cs\WIN_SegundoB.csproj", "{BE66E423-28D4-4E1C-A7E7-BE02FF875283}"
	ProjectSection(ProjectDependencies) = postProject
		{CDF6E006-ACED-4DAB-AC63-579B678421CC} = {CDF6E006-ACED-4DAB-AC63-579B678421CC}
	EndProjectSection
EndProject
Global
	GlobalSection(SolutionConfigurationPlatforms) = preSolution
		Debug|Any CPU = Debug|Any CPU
		Release|Any CPU = Release|Any CPU
	EndGlobalSection
	GlobalSection(ProjectConfigurationPlatforms) = postSolution
		{CDF6E006-ACED-4DAB-AC63-579B678421CC}.Debug|Any CPU.ActiveCfg = Debug|Any CPU
		{CDF6E006-ACED-4DAB-AC63-579B678421CC}.Debug|Any CPU.Build.0 = Debug|Any CPU
		{CDF6E006-ACED-4DAB-AC63-579B678421CC}.Release|Any CPU.ActiveCfg = Release|Any CPU
		{CDF6E006-ACED-4DAB-AC63-579B678421CC}.Release|Any CPU.Build.0 = Release|Any CPU
		{BE66E423-28D4-4E1C-A7E7-BE02FF875283}.Debug|Any CPU.ActiveCfg = Debug|Any CPU
		{BE66E423-28D4-4E1C-A7E7-BE02FF875283}.Debug|Any CPU.Build.0 = Debug|Any CPU
		{BE66E423-28D4-4E1C-A7E7-BE02FF875283}.Release|Any CPU.ActiveCfg = Release|Any CPU
		{BE66E423-28D4-4E1C-A7E7-BE02FF875283}.Release|Any CPU.Build.0 = Release|Any CPU
	EndGlobalSection
	GlobalSection(SolutionProperties) = preSolution
		HideSolutionNode = FALSE
	EndGlobalSection
	GlobalSection(ExtensibilityGlobals) = postSolution
		SolutionGuid = {F47E403A-ED22-49D5-BEA4-7E7052E46BD9}
	EndGlobalSection
EndGlobal
